// !$*UTF8*$!
{
	archiveVersion = 1;
	classes = {
	};
	objectVersion = 50;
	objects = {

/* Begin PBXBuildFile section */
		04106786214CFFF20038ED88 /* IssPosition.swift in Sources */ = {isa = PBXBuildFile; fileRef = 04106785214CFFF20038ED88 /* IssPosition.swift */; };
		04106788214D005F0038ED88 /* Iss.swift in Sources */ = {isa = PBXBuildFile; fileRef = 04106787214D005F0038ED88 /* Iss.swift */; };
		0410678C214D16B40038ED88 /* MainController.swift in Sources */ = {isa = PBXBuildFile; fileRef = 0410678B214D16B40038ED88 /* MainController.swift */; };
		0410678E214D19C50038ED88 /* PassengersController.swift in Sources */ = {isa = PBXBuildFile; fileRef = 0410678D214D19C50038ED88 /* PassengersController.swift */; };
		04106791214D1B100038ED88 /* Passengers.swift in Sources */ = {isa = PBXBuildFile; fileRef = 04106790214D1B100038ED88 /* Passengers.swift */; };
		04106793214D1B6B0038ED88 /* Peaple.swift in Sources */ = {isa = PBXBuildFile; fileRef = 04106792214D1B6B0038ED88 /* Peaple.swift */; };
		04106795214D25B00038ED88 /* PassTimeController.swift in Sources */ = {isa = PBXBuildFile; fileRef = 04106794214D25B00038ED88 /* PassTimeController.swift */; };
		04407E51214C09AE0095F394 /* AppDelegate.swift in Sources */ = {isa = PBXBuildFile; fileRef = 04407E50214C09AE0095F394 /* AppDelegate.swift */; };
		04407E53214C09AE0095F394 /* MapController.swift in Sources */ = {isa = PBXBuildFile; fileRef = 04407E52214C09AE0095F394 /* MapController.swift */; };
		04407E56214C09AE0095F394 /* Main.storyboard in Resources */ = {isa = PBXBuildFile; fileRef = 04407E54214C09AE0095F394 /* Main.storyboard */; };
		04407E58214C09B10095F394 /* Assets.xcassets in Resources */ = {isa = PBXBuildFile; fileRef = 04407E57214C09B10095F394 /* Assets.xcassets */; };
		04407E5B214C09B10095F394 /* LaunchScreen.storyboard in Resources */ = {isa = PBXBuildFile; fileRef = 04407E59214C09B10095F394 /* LaunchScreen.storyboard */; };
/* End PBXBuildFile section */

/* Begin PBXFileReference section */
		04106785214CFFF20038ED88 /* IssPosition.swift */ = {isa = PBXFileReference; lastKnownFileType = sourcecode.swift; path = IssPosition.swift; sourceTree = "<group>"; };
		04106787214D005F0038ED88 /* Iss.swift */ = {isa = PBXFileReference; lastKnownFileType = sourcecode.swift; path = Iss.swift; sourceTree = "<group>"; };
		0410678B214D16B40038ED88 /* MainController.swift */ = {isa = PBXFileReference; lastKnownFileType = sourcecode.swift; path = MainController.swift; sourceTree = "<group>"; };
		0410678D214D19C50038ED88 /* PassengersController.swift */ = {isa = PBXFileReference; lastKnownFileType = sourcecode.swift; path = PassengersController.swift; sourceTree = "<group>"; };
		04106790214D1B100038ED88 /* Passengers.swift */ = {isa = PBXFileReference; lastKnownFileType = sourcecode.swift; path = Passengers.swift; sourceTree = "<group>"; };
		04106792214D1B6B0038ED88 /* Peaple.swift */ = {isa = PBXFileReference; lastKnownFileType = sourcecode.swift; path = Peaple.swift; sourceTree = "<group>"; };
		04106794214D25B00038ED88 /* PassTimeController.swift */ = {isa = PBXFileReference; lastKnownFileType = sourcecode.swift; path = PassTimeController.swift; sourceTree = "<group>"; };
		04407E4D214C09AE0095F394 /* AvitoChallenge.app */ = {isa = PBXFileReference; explicitFileType = wrapper.application; includeInIndex = 0; path = AvitoChallenge.app; sourceTree = BUILT_PRODUCTS_DIR; };
		04407E50214C09AE0095F394 /* AppDelegate.swift */ = {isa = PBXFileReference; lastKnownFileType = sourcecode.swift; path = AppDelegate.swift; sourceTree = "<group>"; };
		04407E52214C09AE0095F394 /* MapController.swift */ = {isa = PBXFileReference; lastKnownFileType = sourcecode.swift; path = MapController.swift; sourceTree = "<group>"; };
		04407E55214C09AE0095F394 /* Base */ = {isa = PBXFileReference; lastKnownFileType = file.storyboard; name = Base; path = Base.lproj/Main.storyboard; sourceTree = "<group>"; };
		04407E57214C09B10095F394 /* Assets.xcassets */ = {isa = PBXFileReference; lastKnownFileType = folder.assetcatalog; path = Assets.xcassets; sourceTree = "<group>"; };
		04407E5A214C09B10095F394 /* Base */ = {isa = PBXFileReference; lastKnownFileType = file.storyboard; name = Base; path = Base.lproj/LaunchScreen.storyboard; sourceTree = "<group>"; };
		04407E5C214C09B10095F394 /* Info.plist */ = {isa = PBXFileReference; lastKnownFileType = text.plist.xml; path = Info.plist; sourceTree = "<group>"; };
/* End PBXFileReference section */

/* Begin PBXFrameworksBuildPhase section */
		04407E4A214C09AE0095F394 /* Frameworks */ = {
			isa = PBXFrameworksBuildPhase;
			buildActionMask = 2147483647;
			files = (
			);
			runOnlyForDeploymentPostprocessing = 0;
		};
/* End PBXFrameworksBuildPhase section */

/* Begin PBXGroup section */
		04106783214CFDE60038ED88 /* ViewControllers */ = {
			isa = PBXGroup;
			children = (
				0410678B214D16B40038ED88 /* MainController.swift */,
				04407E52214C09AE0095F394 /* MapController.swift */,
				0410678D214D19C50038ED88 /* PassengersController.swift */,
				04106794214D25B00038ED88 /* PassTimeController.swift */,
			);
			path = ViewControllers;
			sourceTree = "<group>";
		};
		04106784214CFE000038ED88 /* Storyboards */ = {
			isa = PBXGroup;
			children = (
				04407E59214C09B10095F394 /* LaunchScreen.storyboard */,
				04407E54214C09AE0095F394 /* Main.storyboard */,
			);
			path = Storyboards;
			sourceTree = "<group>";
		};
		0410678F214D1AFE0038ED88 /* Models */ = {
			isa = PBXGroup;
			children = (
				04106785214CFFF20038ED88 /* IssPosition.swift */,
				04106787214D005F0038ED88 /* Iss.swift */,
				04106790214D1B100038ED88 /* Passengers.swift */,
				04106792214D1B6B0038ED88 /* Peaple.swift */,
			);
			path = Models;
			sourceTree = "<group>";
		};
		04407E44214C09AE0095F394 = {
			isa = PBXGroup;
			children = (
				04407E4F214C09AE0095F394 /* AvitoChallenge */,
				04407E4E214C09AE0095F394 /* Products */,
			);
			sourceTree = "<group>";
		};
		04407E4E214C09AE0095F394 /* Products */ = {
			isa = PBXGroup;
			children = (
				04407E4D214C09AE0095F394 /* AvitoChallenge.app */,
			);
			name = Products;
			sourceTree = "<group>";
		};
		04407E4F214C09AE0095F394 /* AvitoChallenge */ = {
			isa = PBXGroup;
			children = (
				04407E50214C09AE0095F394 /* AppDelegate.swift */,
				0410678F214D1AFE0038ED88 /* Models */,
				04106783214CFDE60038ED88 /* ViewControllers */,
				04106784214CFE000038ED88 /* Storyboards */,
				04407E57214C09B10095F394 /* Assets.xcassets */,
				04407E5C214C09B10095F394 /* Info.plist */,
			);
			path = AvitoChallenge;
			sourceTree = "<group>";
		};
/* End PBXGroup section */

/* Begin PBXNativeTarget section */
		04407E4C214C09AE0095F394 /* AvitoChallenge */ = {
			isa = PBXNativeTarget;
			buildConfigurationList = 04407E5F214C09B10095F394 /* Build configuration list for PBXNativeTarget "AvitoChallenge" */;
			buildPhases = (
				04407E49214C09AE0095F394 /* Sources */,
				04407E4A214C09AE0095F394 /* Frameworks */,
				04407E4B214C09AE0095F394 /* Resources */,
			);
			buildRules = (
			);
			dependencies = (
			);
			name = AvitoChallenge;
			productName = AvitoChallenge;
			productReference = 04407E4D214C09AE0095F394 /* AvitoChallenge.app */;
			productType = "com.apple.product-type.application";
		};
/* End PBXNativeTarget section */

/* Begin PBXProject section */
		04407E45214C09AE0095F394 /* Project object */ = {
			isa = PBXProject;
			attributes = {
				LastSwiftUpdateCheck = 0940;
				LastUpgradeCheck = 0940;
				TargetAttributes = {
					04407E4C214C09AE0095F394 = {
						CreatedOnToolsVersion = 9.4.1;
					};
				};
			};
			buildConfigurationList = 04407E48214C09AE0095F394 /* Build configuration list for PBXProject "AvitoChallenge" */;
			compatibilityVersion = "Xcode 9.3";
			developmentRegion = en;
			hasScannedForEncodings = 0;
			knownRegions = (
				en,
				Base,
			);
			mainGroup = 04407E44214C09AE0095F394;
			productRefGroup = 04407E4E214C09AE0095F394 /* Products */;
			projectDirPath = "";
			projectRoot = "";
			targets = (
				04407E4C214C09AE0095F394 /* AvitoChallenge */,
			);
		};
/* End PBXProject section */

/* Begin PBXResourcesBuildPhase section */
		04407E4B214C09AE0095F394 /* Resources */ = {
			isa = PBXResourcesBuildPhase;
			buildActionMask = 2147483647;
			files = (
				04407E5B214C09B10095F394 /* LaunchScreen.storyboard in Resources */,
				04407E58214C09B10095F394 /* Assets.xcassets in Resources */,
				04407E56214C09AE0095F394 /* Main.storyboard in Resources */,
			);
			runOnlyForDeploymentPostprocessing = 0;
		};
/* End PBXResourcesBuildPhase section */

/* Begin PBXSourcesBuildPhase section */
		04407E49214C09AE0095F394 /* Sources */ = {
			isa = PBXSourcesBuildPhase;
			buildActionMask = 2147483647;
			files = (
				04407E53214C09AE0095F394 /* MapController.swift in Sources */,
				04407E51214C09AE0095F394 /* AppDelegate.swift in Sources */,
				04106791214D1B100038ED88 /* Passengers.swift in Sources */,
				04106786214CFFF20038ED88 /* IssPosition.swift in Sources */,
				04106788214D005F0038ED88 /* Iss.swift in Sources */,
				0410678E214D19C50038ED88 /* PassengersController.swift in Sources */,
				04106793214D1B6B0038ED88 /* Peaple.swift in Sources */,
				0410678C214D16B40038ED88 /* MainController.swift in Sources */,
				04106795214D25B00038ED88 /* PassTimeController.swift in Sources */,
			);
			runOnlyForDeploymentPostprocessing = 0;
		};
/* End PBXSourcesBuildPhase section */

/* Begin PBXVariantGroup section */
		04407E54214C09AE0095F394 /* Main.storyboard */ = {
			isa = PBXVariantGroup;
			children = (
				04407E55214C09AE0095F394 /* Base */,
			);
			name = Main.storyboard;
			sourceTree = "<group>";
		};
		04407E59214C09B10095F394 /* LaunchScreen.storyboard */ = {
			isa = PBXVariantGroup;
			children = (
				04407E5A214C09B10095F394 /* Base */,
			);
			name = LaunchScreen.storyboard;
			sourceTree = "<group>";
		};
/* End PBXVariantGroup section */

/* Begin XCBuildConfiguration section */
		04407E5D214C09B10095F394 /* Debug */ = {
			isa = XCBuildConfiguration;
			buildSettings = {
				ALWAYS_SEARCH_USER_PATHS = NO;
				CLANG_ANALYZER_NONNULL = YES;
				CLANG_ANALYZER_NUMBER_OBJECT_CONVERSION = YES_AGGRESSIVE;
				CLANG_CXX_LANGUAGE_STANDARD = "gnu++14";
				CLANG_CXX_LIBRARY = "libc++";
				CLANG_ENABLE_MODULES = YES;
				CLANG_ENABLE_OBJC_ARC = YES;
				CLANG_ENABLE_OBJC_WEAK = YES;
				CLANG_WARN_BLOCK_CAPTURE_AUTORELEASING = YES;
				CLANG_WARN_BOOL_CONVERSION = YES;
				CLANG_WARN_COMMA = YES;
				CLANG_WARN_CONSTANT_CONVERSION = YES;
				CLANG_WARN_DEPRECATED_OBJC_IMPLEMENTATIONS = YES;
				CLANG_WARN_DIRECT_OBJC_ISA_USAGE = YES_ERROR;
				CLANG_WARN_DOCUMENTATION_COMMENTS = YES;
				CLANG_WARN_EMPTY_BODY = YES;
				CLANG_WARN_ENUM_CONVERSION = YES;
				CLANG_WARN_INFINITE_RECURSION = YES;
				CLANG_WARN_INT_CONVERSION = YES;
				CLANG_WARN_NON_LITERAL_NULL_CONVERSION = YES;
				CLANG_WARN_OBJC_IMPLICIT_RETAIN_SELF = YES;
				CLANG_WARN_OBJC_LITERAL_CONVERSION = YES;
				CLANG_WARN_OBJC_ROOT_CLASS = YES_ERROR;
				CLANG_WARN_RANGE_LOOP_ANALYSIS = YES;
				CLANG_WARN_STRICT_PROTOTYPES = YES;
				CLANG_WARN_SUSPICIOUS_MOVE = YES;
				CLANG_WARN_UNGUARDED_AVAILABILITY = YES_AGGRESSIVE;
				CLANG_WARN_UNREACHABLE_CODE = YES;
				CLANG_WARN__DUPLICATE_METHOD_MATCH = YES;
				CODE_SIGN_IDENTITY = "iPhone Developer";
				COPY_PHASE_STRIP = NO;
				DEBUG_INFORMATION_FORMAT = dwarf;
				ENABLE_STRICT_OBJC_MSGSEND = YES;
				ENABLE_TESTABILITY = YES;
				GCC_C_LANGUAGE_STANDARD = gnu11;
				GCC_DYNAMIC_NO_PIC = NO;
				GCC_NO_COMMON_BLOCKS = YES;
				GCC_OPTIMIZATION_LEVEL = 0;
				GCC_PREPROCESSOR_DEFINITIONS = (
					"DEBUG=1",
					"$(inherited)",
				);
				GCC_WARN_64_TO_32_BIT_CONVERSION = YES;
				GCC_WARN_ABOUT_RETURN_TYPE = YES_ERROR;
				GCC_WARN_UNDECLARED_SELECTOR = YES;
				GCC_WARN_UNINITIALIZED_AUTOS = YES_AGGRESSIVE;
				GCC_WARN_UNUSED_FUNCTION = YES;
				GCC_WARN_UNUSED_VARIABLE = YES;
				IPHONEOS_DEPLOYMENT_TARGET = 11.4;
				MTL_ENABLE_DEBUG_INFO = YES;
				ONLY_ACTIVE_ARCH = YES;
				SDKROOT = iphoneos;
				SWIFT_ACTIVE_COMPILATION_CONDITIONS = DEBUG;
				SWIFT_OPTIMIZATION_LEVEL = "-Onone";
			};
			name = Debug;
		};
		04407E5E214C09B10095F394 /* Release */ = {
			isa = XCBuildConfiguration;
			buildSettings = {
				ALWAYS_SEARCH_USER_PATHS = NO;
				CLANG_ANALYZER_NONNULL = YES;
				CLANG_ANALYZER_NUMBER_OBJECT_CONVERSION = YES_AGGRESSIVE;
				CLANG_CXX_LANGUAGE_STANDARD = "gnu++14";
				CLANG_CXX_LIBRARY = "libc++";
				CLANG_ENABLE_MODULES = YES;
				CLANG_ENABLE_OBJC_ARC = YES;
				CLANG_ENABLE_OBJC_WEAK = YES;
				CLANG_WARN_BLOCK_CAPTURE_AUTORELEASING = YES;
				CLANG_WARN_BOOL_CONVERSION = YES;
				CLANG_WARN_COMMA = YES;
				CLANG_WARN_CONSTANT_CONVERSION = YES;
				CLANG_WARN_DEPRECATED_OBJC_IMPLEMENTATIONS = YES;
				CLANG_WARN_DIRECT_OBJC_ISA_USAGE = YES_ERROR;
				CLANG_WARN_DOCUMENTATION_COMMENTS = YES;
				CLANG_WARN_EMPTY_BODY = YES;
				CLANG_WARN_ENUM_CONVERSION = YES;
				CLANG_WARN_INFINITE_RECURSION = YES;
				CLANG_WARN_INT_CONVERSION = YES;
				CLANG_WARN_NON_LITERAL_NULL_CONVERSION = YES;
				CLANG_WARN_OBJC_IMPLICIT_RETAIN_SELF = YES;
				CLANG_WARN_OBJC_LITERAL_CONVERSION = YES;
				CLANG_WARN_OBJC_ROOT_CLASS = YES_ERROR;
				CLANG_WARN_RANGE_LOOP_ANALYSIS = YES;
				CLANG_WARN_STRICT_PROTOTYPES = YES;
				CLANG_WARN_SUSPICIOUS_MOVE = YES;
				CLANG_WARN_UNGUARDED_AVAILABILITY = YES_AGGRESSIVE;
				CLANG_WARN_UNREACHABLE_CODE = YES;
				CLANG_WARN__DUPLICATE_METHOD_MATCH = YES;
				CODE_SIGN_IDENTITY = "iPhone Developer";
				COPY_PHASE_STRIP = NO;
				DEBUG_INFORMATION_FORMAT = "dwarf-with-dsym";
				ENABLE_NS_ASSERTIONS = NO;
				ENABLE_STRICT_OBJC_MSGSEND = YES;
				GCC_C_LANGUAGE_STANDARD = gnu11;
				GCC_NO_COMMON_BLOCKS = YES;
				GCC_WARN_64_TO_32_BIT_CONVERSION = YES;
				GCC_WARN_ABOUT_RETURN_TYPE = YES_ERROR;
				GCC_WARN_UNDECLARED_SELECTOR = YES;
				GCC_WARN_UNINITIALIZED_AUTOS = YES_AGGRESSIVE;
				GCC_WARN_UNUSED_FUNCTION = YES;
				GCC_WARN_UNUSED_VARIABLE = YES;
				IPHONEOS_DEPLOYMENT_TARGET = 11.4;
				MTL_ENABLE_DEBUG_INFO = NO;
				SDKROOT = iphoneos;
				SWIFT_COMPILATION_MODE = wholemodule;
				SWIFT_OPTIMIZATION_LEVEL = "-O";
				VALIDATE_PRODUCT = YES;
			};
			name = Release;
		};
		04407E60214C09B10095F394 /* Debug */ = {
			isa = XCBuildConfiguration;
			buildSettings = {
				ASSETCATALOG_COMPILER_APPICON_NAME = AppIcon;
				CODE_SIGN_STYLE = Automatic;
				INFOPLIST_FILE = AvitoChallenge/Info.plist;
				LD_RUNPATH_SEARCH_PATHS = (
					"$(inherited)",
					"@executable_path/Frameworks",
				);
				PRODUCT_BUNDLE_IDENTIFIER = com.AvitoChallenge;
				PRODUCT_NAME = "$(TARGET_NAME)";
				SWIFT_VERSION = 4.0;
				TARGETED_DEVICE_FAMILY = "1,2";
			};
			name = Debug;
		};
		04407E61214C09B10095F394 /* Release */ = {
			isa = XCBuildConfiguration;
			buildSettings = {
				ASSETCATALOG_COMPILER_APPICON_NAME = AppIcon;
				CODE_SIGN_STYLE = Automatic;
				INFOPLIST_FILE = AvitoChallenge/Info.plist;
				LD_RUNPATH_SEARCH_PATHS = (
					"$(inherited)",
					"@executable_path/Frameworks",
				);
				PRODUCT_BUNDLE_IDENTIFIER = com.AvitoChallenge;
				PRODUCT_NAME = "$(TARGET_NAME)";
				SWIFT_VERSION = 4.0;
				TARGETED_DEVICE_FAMILY = "1,2";
			};
			name = Release;
		};
/* End XCBuildConfiguration section */

/* Begin XCConfigurationList section */
		04407E48214C09AE0095F394 /* Build configuration list for PBXProject "AvitoChallenge" */ = {
			isa = XCConfigurationList;
			buildConfigurations = (
				04407E5D214C09B10095F394 /* Debug */,
				04407E5E214C09B10095F394 /* Release */,
			);
			defaultConfigurationIsVisible = 0;
			defaultConfigurationName = Release;
		};
		04407E5F214C09B10095F394 /* Build configuration list for PBXNativeTarget "AvitoChallenge" */ = {
			isa = XCConfigurationList;
			buildConfigurations = (
				04407E60214C09B10095F394 /* Debug */,
				04407E61214C09B10095F394 /* Release */,
			);
			defaultConfigurationIsVisible = 0;
			defaultConfigurationName = Release;
		};
/* End XCConfigurationList section */
	};
	rootObject = 04407E45214C09AE0095F394 /* Project object */;
}
